
Microsoft Visual Studio Solution File, Format Version 12.00
# Visual Studio Version 17
VisualStudioVersion = 17.9.34607.119
MinimumVisualStudioVersion = 10.0.40219.1
Project("{FAE04EC0-301F-11D3-BF4B-00C04F79EFBC}") = "FileCabinetApp", "FileCabinetApp\FileCabinetApp.csproj", "{D1BC980F-9DEA-4F41-B10A-45EFA883CE1B}"
EndProject
Global
	GlobalSection(SolutionConfigurationPlatforms) = preSolution
		Debug|Any CPU = Debug|Any CPU
		Release|Any CPU = Release|Any CPU
	EndGlobalSection
	GlobalSection(ProjectConfigurationPlatforms) = postSolution
		{D1BC980F-9DEA-4F41-B10A-45EFA883CE1B}.Debug|Any CPU.ActiveCfg = Debug|Any CPU
		{D1BC980F-9DEA-4F41-B10A-45EFA883CE1B}.Debug|Any CPU.Build.0 = Debug|Any CPU
		{D1BC980F-9DEA-4F41-B10A-45EFA883CE1B}.Release|Any CPU.ActiveCfg = Release|Any CPU
		{D1BC980F-9DEA-4F41-B10A-45EFA883CE1B}.Release|Any CPU.Build.0 = Release|Any CPU
	EndGlobalSection
	GlobalSection(SolutionProperties) = preSolution
		HideSolutionNode = FALSE
	EndGlobalSection
	GlobalSection(ExtensibilityGlobals) = postSolution
		SolutionGuid = {0B2254A6-F4EC-4FBF-A604-5BC95AC9C685}
	EndGlobalSection
EndGlobal
